
Microsoft Visual Studio Solution File, Format Version 12.00
# Visual Studio Version 17
VisualStudioVersion = 17.6.33801.468
MinimumVisualStudioVersion = 10.0.40219.1
Project("{FAE04EC0-301F-11D3-BF4B-00C04F79EFBC}") = "House_game", "House_game.csproj", "{F22B1708-18F6-4716-A511-2964B7A0BF85}"
EndProject
Global
	GlobalSection(SolutionConfigurationPlatforms) = preSolution
		Debug|Any CPU = Debug|Any CPU
		Release|Any CPU = Release|Any CPU
	EndGlobalSection
	GlobalSection(ProjectConfigurationPlatforms) = postSolution
		{F22B1708-18F6-4716-A511-2964B7A0BF85}.Debug|Any CPU.ActiveCfg = Debug|Any CPU
		{F22B1708-18F6-4716-A511-2964B7A0BF85}.Debug|Any CPU.Build.0 = Debug|Any CPU
		{F22B1708-18F6-4716-A511-2964B7A0BF85}.Release|Any CPU.ActiveCfg = Release|Any CPU
		{F22B1708-18F6-4716-A511-2964B7A0BF85}.Release|Any CPU.Build.0 = Release|Any CPU
	EndGlobalSection
	GlobalSection(SolutionProperties) = preSolution
		HideSolutionNode = FALSE
	EndGlobalSection
	GlobalSection(ExtensibilityGlobals) = postSolution
		SolutionGuid = {6FCAADB2-D2F0-40B4-A88A-1A9C53C167CA}
	EndGlobalSection
EndGlobal
